
Microsoft Visual Studio Solution File, Format Version 12.00
# Visual Studio Version 16
VisualStudioVersion = 16.0.32901.82
MinimumVisualStudioVersion = 10.0.40219.1
Project("{888888A0-9F3D-457C-B088-3A5042F75D52}") = "etlmsc", "etlmsc\etlmsc.pyproj", "{0FEC5A81-1ED3-4011-B88C-A18AEE89D81B}"
EndProject
Global
	GlobalSection(SolutionConfigurationPlatforms) = preSolution
		Debug|Any CPU = Debug|Any CPU
		Release|Any CPU = Release|Any CPU
	EndGlobalSection
	GlobalSection(ProjectConfigurationPlatforms) = postSolution
		{0FEC5A81-1ED3-4011-B88C-A18AEE89D81B}.Debug|Any CPU.ActiveCfg = Debug|Any CPU
		{0FEC5A81-1ED3-4011-B88C-A18AEE89D81B}.Release|Any CPU.ActiveCfg = Release|Any CPU
	EndGlobalSection
	GlobalSection(SolutionProperties) = preSolution
		HideSolutionNode = FALSE
	EndGlobalSection
	GlobalSection(ExtensibilityGlobals) = postSolution
		SolutionGuid = {0FE4607D-8195-4B14-8B98-568DE682925E}
	EndGlobalSection
EndGlobal
